# This file is automatically @generated by Cargo.
# It is not intended for manual editing.
version = 4

[[package]]
name = "jsonc-parser"
version = "0.33.2"
source = "git+https://github.com/dprint/jsonc-parser?tag=0.33.2#e6e383704fd9a5b5e14d2de84cab0e3fcf187ecb"

[[package]]
name = "uiko-cli"
version = "0.0.1"
dependencies = [
 "uiko-compiler",
 "uiko-core",
 "uiko-project",
]

[[package]]
name = "uiko-compiler"
version = "0.0.1"
dependencies = [
 "uiko-core",
 "uiko-source",
]

[[package]]
name = "uiko-core"
version = "0.0.1"

[[package]]
name = "uiko-project"
version = "0.0.1"
dependencies = [
 "uiko-core",
 "uiko-source",
 "uiko-source-jsonc",
]

[[package]]
name = "uiko-source"
version = "0.0.1"
dependencies = [
 "uiko-core",
]

[[package]]
name = "uiko-source-jsonc"
version = "0.0.1"
dependencies = [
 "jsonc-parser",
 "uiko-core",
 "uiko-source",
]
